
Microsoft Visual Studio Solution File, Format Version 12.00
# Visual Studio Version 17
VisualStudioVersion = 17.3.32929.385
MinimumVisualStudioVersion = 10.0.40219.1
Project("{FAE04EC0-301F-11D3-BF4B-00C04F79EFBC}") = "Order.API", "Order.API\Order.API.csproj", "{9955EA22-0AA0-49FA-B5FF-415D1DDE389D}"
EndProject
Project("{FAE04EC0-301F-11D3-BF4B-00C04F79EFBC}") = "Payment.API", "Payment.API\Payment.API.csproj", "{FB2693BE-440A-4BD5-81FC-0034F774B445}"
EndProject
Project("{FAE04EC0-301F-11D3-BF4B-00C04F79EFBC}") = "Stock.API", "Stock.API\Stock.API.csproj", "{588D6B32-D67A-4C6B-95C6-BB4EE3A85B71}"
EndProject
Project("{FAE04EC0-301F-11D3-BF4B-00C04F79EFBC}") = "SagaStateMachine.Service", "SagaStateMachine.Service\SagaStateMachine.Service.csproj", "{D62F8017-04C1-4301-862C-09B28A3CC763}"
EndProject
Project("{FAE04EC0-301F-11D3-BF4B-00C04F79EFBC}") = "Shared", "Shared\Shared.csproj", "{7B12299A-688F-45F2-862B-4958C6836D8F}"
EndProject
Global
	GlobalSection(SolutionConfigurationPlatforms) = preSolution
		Debug|Any CPU = Debug|Any CPU
		Release|Any CPU = Release|Any CPU
	EndGlobalSection
	GlobalSection(ProjectConfigurationPlatforms) = postSolution
		{9955EA22-0AA0-49FA-B5FF-415D1DDE389D}.Debug|Any CPU.ActiveCfg = Debug|Any CPU
		{9955EA22-0AA0-49FA-B5FF-415D1DDE389D}.Debug|Any CPU.Build.0 = Debug|Any CPU
		{9955EA22-0AA0-49FA-B5FF-415D1DDE389D}.Release|Any CPU.ActiveCfg = Release|Any CPU
		{9955EA22-0AA0-49FA-B5FF-415D1DDE389D}.Release|Any CPU.Build.0 = Release|Any CPU
		{FB2693BE-440A-4BD5-81FC-0034F774B445}.Debug|Any CPU.ActiveCfg = Debug|Any CPU
		{FB2693BE-440A-4BD5-81FC-0034F774B445}.Debug|Any CPU.Build.0 = Debug|Any CPU
		{FB2693BE-440A-4BD5-81FC-0034F774B445}.Release|Any CPU.ActiveCfg = Release|Any CPU
		{FB2693BE-440A-4BD5-81FC-0034F774B445}.Release|Any CPU.Build.0 = Release|Any CPU
		{588D6B32-D67A-4C6B-95C6-BB4EE3A85B71}.Debug|Any CPU.ActiveCfg = Debug|Any CPU
		{588D6B32-D67A-4C6B-95C6-BB4EE3A85B71}.Debug|Any CPU.Build.0 = Debug|Any CPU
		{588D6B32-D67A-4C6B-95C6-BB4EE3A85B71}.Release|Any CPU.ActiveCfg = Release|Any CPU
		{588D6B32-D67A-4C6B-95C6-BB4EE3A85B71}.Release|Any CPU.Build.0 = Release|Any CPU
		{D62F8017-04C1-4301-862C-09B28A3CC763}.Debug|Any CPU.ActiveCfg = Debug|Any CPU
		{D62F8017-04C1-4301-862C-09B28A3CC763}.Debug|Any CPU.Build.0 = Debug|Any CPU
		{D62F8017-04C1-4301-862C-09B28A3CC763}.Release|Any CPU.ActiveCfg = Release|Any CPU
		{D62F8017-04C1-4301-862C-09B28A3CC763}.Release|Any CPU.Build.0 = Release|Any CPU
		{7B12299A-688F-45F2-862B-4958C6836D8F}.Debug|Any CPU.ActiveCfg = Debug|Any CPU
		{7B12299A-688F-45F2-862B-4958C6836D8F}.Debug|Any CPU.Build.0 = Debug|Any CPU
		{7B12299A-688F-45F2-862B-4958C6836D8F}.Release|Any CPU.ActiveCfg = Release|Any CPU
		{7B12299A-688F-45F2-862B-4958C6836D8F}.Release|Any CPU.Build.0 = Release|Any CPU
	EndGlobalSection
	GlobalSection(SolutionProperties) = preSolution
		HideSolutionNode = FALSE
	EndGlobalSection
	GlobalSection(ExtensibilityGlobals) = postSolution
		SolutionGuid = {3B075E8D-FD05-47E3-8EDB-C8973CFB70AC}
	EndGlobalSection
EndGlobal
